
Microsoft Visual Studio Solution File, Format Version 12.00
# Visual Studio 15
Project("{FAE04EC0-301F-11D3-BF4B-00C04F79EFBC}") = "Assembly-CSharp", "Assembly-CSharp.csproj", "{6777A3B4-46B8-DEDE-376D-5867C71E6AC0}"
EndProject
Project("{FAE04EC0-301F-11D3-BF4B-00C04F79EFBC}") = "Assembly-CSharp-Editor", "Assembly-CSharp-Editor.csproj", "{0C72429E-7FB8-6D62-EDF3-D2F1AE769FD9}"
EndProject
Global
	GlobalSection(SolutionConfigurationPlatforms) = preSolution
		Debug|Any CPU = Debug|Any CPU
		Release|Any CPU = Release|Any CPU
	EndGlobalSection
	GlobalSection(ProjectConfigurationPlatforms) = postSolution
		{6777A3B4-46B8-DEDE-376D-5867C71E6AC0}.Debug|Any CPU.ActiveCfg = Debug|Any CPU
		{6777A3B4-46B8-DEDE-376D-5867C71E6AC0}.Debug|Any CPU.Build.0 = Debug|Any CPU
		{6777A3B4-46B8-DEDE-376D-5867C71E6AC0}.Release|Any CPU.ActiveCfg = Release|Any CPU
		{6777A3B4-46B8-DEDE-376D-5867C71E6AC0}.Release|Any CPU.Build.0 = Release|Any CPU
		{0C72429E-7FB8-6D62-EDF3-D2F1AE769FD9}.Debug|Any CPU.ActiveCfg = Debug|Any CPU
		{0C72429E-7FB8-6D62-EDF3-D2F1AE769FD9}.Debug|Any CPU.Build.0 = Debug|Any CPU
		{0C72429E-7FB8-6D62-EDF3-D2F1AE769FD9}.Release|Any CPU.ActiveCfg = Release|Any CPU
		{0C72429E-7FB8-6D62-EDF3-D2F1AE769FD9}.Release|Any CPU.Build.0 = Release|Any CPU
	EndGlobalSection
	GlobalSection(SolutionProperties) = preSolution
		HideSolutionNode = FALSE
	EndGlobalSection
EndGlobal
